// !$*UTF8*$!
{
	archiveVersion = 1;
	classes = {
	};
	objectVersion = 56;
	objects = {

/* Begin PBXBuildFile section */
		B9D92EA72B1F793700AB3E51 /* AppDelegate.swift in Sources */ = {isa = PBXBuildFile; fileRef = B9D92EA62B1F793700AB3E51 /* AppDelegate.swift */; };
		B9D92EA92B1F793700AB3E51 /* SceneDelegate.swift in Sources */ = {isa = PBXBuildFile; fileRef = B9D92EA82B1F793700AB3E51 /* SceneDelegate.swift */; };
		B9D92EAB2B1F793700AB3E51 /* ViewController.swift in Sources */ = {isa = PBXBuildFile; fileRef = B9D92EAA2B1F793700AB3E51 /* ViewController.swift */; };
		B9D92EAE2B1F793700AB3E51 /* Main.storyboard in Resources */ = {isa = PBXBuildFile; fileRef = B9D92EAC2B1F793700AB3E51 /* Main.storyboard */; };
		B9D92EB12B1F793700AB3E51 /* CoreySays.xcdatamodeld in Sources */ = {isa = PBXBuildFile; fileRef = B9D92EAF2B1F793700AB3E51 /* CoreySays.xcdatamodeld */; };
		B9D92EB32B1F793900AB3E51 /* Assets.xcassets in Resources */ = {isa = PBXBuildFile; fileRef = B9D92EB22B1F793900AB3E51 /* Assets.xcassets */; };
		B9D92EB62B1F793900AB3E51 /* LaunchScreen.storyboard in Resources */ = {isa = PBXBuildFile; fileRef = B9D92EB42B1F793900AB3E51 /* LaunchScreen.storyboard */; };
		B9D92EC12B1F793900AB3E51 /* CoreySaysTests.swift in Sources */ = {isa = PBXBuildFile; fileRef = B9D92EC02B1F793900AB3E51 /* CoreySaysTests.swift */; };
		B9D92ECB2B1F793900AB3E51 /* CoreySaysUITests.swift in Sources */ = {isa = PBXBuildFile; fileRef = B9D92ECA2B1F793900AB3E51 /* CoreySaysUITests.swift */; };
		B9D92ECD2B1F793900AB3E51 /* CoreySaysUITestsLaunchTests.swift in Sources */ = {isa = PBXBuildFile; fileRef = B9D92ECC2B1F793900AB3E51 /* CoreySaysUITestsLaunchTests.swift */; };
/* End PBXBuildFile section */

/* Begin PBXContainerItemProxy section */
		B9D92EBD2B1F793900AB3E51 /* PBXContainerItemProxy */ = {
			isa = PBXContainerItemProxy;
			containerPortal = B9D92E9B2B1F793700AB3E51 /* Project object */;
			proxyType = 1;
			remoteGlobalIDString = B9D92EA22B1F793700AB3E51;
			remoteInfo = CoreySays;
		};
		B9D92EC72B1F793900AB3E51 /* PBXContainerItemProxy */ = {
			isa = PBXContainerItemProxy;
			containerPortal = B9D92E9B2B1F793700AB3E51 /* Project object */;
			proxyType = 1;
			remoteGlobalIDString = B9D92EA22B1F793700AB3E51;
			remoteInfo = CoreySays;
		};
/* End PBXContainerItemProxy section */

/* Begin PBXFileReference section */
		B9D92EA32B1F793700AB3E51 /* CoreySays.app */ = {isa = PBXFileReference; explicitFileType = wrapper.application; includeInIndex = 0; path = CoreySays.app; sourceTree = BUILT_PRODUCTS_DIR; };
		B9D92EA62B1F793700AB3E51 /* AppDelegate.swift */ = {isa = PBXFileReference; lastKnownFileType = sourcecode.swift; path = AppDelegate.swift; sourceTree = "<group>"; };
		B9D92EA82B1F793700AB3E51 /* SceneDelegate.swift */ = {isa = PBXFileReference; lastKnownFileType = sourcecode.swift; path = SceneDelegate.swift; sourceTree = "<group>"; };
		B9D92EAA2B1F793700AB3E51 /* ViewController.swift */ = {isa = PBXFileReference; lastKnownFileType = sourcecode.swift; path = ViewController.swift; sourceTree = "<group>"; };
		B9D92EAD2B1F793700AB3E51 /* Base */ = {isa = PBXFileReference; lastKnownFileType = file.storyboard; name = Base; path = Base.lproj/Main.storyboard; sourceTree = "<group>"; };
		B9D92EB02B1F793700AB3E51 /* CoreySays.xcdatamodel */ = {isa = PBXFileReference; lastKnownFileType = wrapper.xcdatamodel; path = CoreySays.xcdatamodel; sourceTree = "<group>"; };
		B9D92EB22B1F793900AB3E51 /* Assets.xcassets */ = {isa = PBXFileReference; lastKnownFileType = folder.assetcatalog; path = Assets.xcassets; sourceTree = "<group>"; };
		B9D92EB52B1F793900AB3E51 /* Base */ = {isa = PBXFileReference; lastKnownFileType = file.storyboard; name = Base; path = Base.lproj/LaunchScreen.storyboard; sourceTree = "<group>"; };
		B9D92EB72B1F793900AB3E51 /* Info.plist */ = {isa = PBXFileReference; lastKnownFileType = text.plist.xml; path = Info.plist; sourceTree = "<group>"; };
		B9D92EBC2B1F793900AB3E51 /* CoreySaysTests.xctest */ = {isa = PBXFileReference; explicitFileType = wrapper.cfbundle; includeInIndex = 0; path = CoreySaysTests.xctest; sourceTree = BUILT_PRODUCTS_DIR; };
		B9D92EC02B1F793900AB3E51 /* CoreySaysTests.swift */ = {isa = PBXFileReference; lastKnownFileType = sourcecode.swift; path = CoreySaysTests.swift; sourceTree = "<group>"; };
		B9D92EC62B1F793900AB3E51 /* CoreySaysUITests.xctest */ = {isa = PBXFileReference; explicitFileType = wrapper.cfbundle; includeInIndex = 0; path = CoreySaysUITests.xctest; sourceTree = BUILT_PRODUCTS_DIR; };
		B9D92ECA2B1F793900AB3E51 /* CoreySaysUITests.swift */ = {isa = PBXFileReference; lastKnownFileType = sourcecode.swift; path = CoreySaysUITests.swift; sourceTree = "<group>"; };
		B9D92ECC2B1F793900AB3E51 /* CoreySaysUITestsLaunchTests.swift */ = {isa = PBXFileReference; lastKnownFileType = sourcecode.swift; path = CoreySaysUITestsLaunchTests.swift; sourceTree = "<group>"; };
/* End PBXFileReference section */

/* Begin PBXFrameworksBuildPhase section */
		B9D92EA02B1F793700AB3E51 /* Frameworks */ = {
			isa = PBXFrameworksBuildPhase;
			buildActionMask = 2147483647;
			files = (
			);
			runOnlyForDeploymentPostprocessing = 0;
		};
		B9D92EB92B1F793900AB3E51 /* Frameworks */ = {
			isa = PBXFrameworksBuildPhase;
			buildActionMask = 2147483647;
			files = (
			);
			runOnlyForDeploymentPostprocessing = 0;
		};
		B9D92EC32B1F793900AB3E51 /* Frameworks */ = {
			isa = PBXFrameworksBuildPhase;
			buildActionMask = 2147483647;
			files = (
			);
			runOnlyForDeploymentPostprocessing = 0;
		};
/* End PBXFrameworksBuildPhase section */

/* Begin PBXGroup section */
		B9D92E9A2B1F793700AB3E51 = {
			isa = PBXGroup;
			children = (
				B9D92EA52B1F793700AB3E51 /* CoreySays */,
				B9D92EBF2B1F793900AB3E51 /* CoreySaysTests */,
				B9D92EC92B1F793900AB3E51 /* CoreySaysUITests */,
				B9D92EA42B1F793700AB3E51 /* Products */,
			);
			sourceTree = "<group>";
		};
		B9D92EA42B1F793700AB3E51 /* Products */ = {
			isa = PBXGroup;
			children = (
				B9D92EA32B1F793700AB3E51 /* CoreySays.app */,
				B9D92EBC2B1F793900AB3E51 /* CoreySaysTests.xctest */,
				B9D92EC62B1F793900AB3E51 /* CoreySaysUITests.xctest */,
			);
			name = Products;
			sourceTree = "<group>";
		};
		B9D92EA52B1F793700AB3E51 /* CoreySays */ = {
			isa = PBXGroup;
			children = (
				B9D92EA62B1F793700AB3E51 /* AppDelegate.swift */,
				B9D92EA82B1F793700AB3E51 /* SceneDelegate.swift */,
				B9D92EAA2B1F793700AB3E51 /* ViewController.swift */,
				B9D92EAC2B1F793700AB3E51 /* Main.storyboard */,
				B9D92EB22B1F793900AB3E51 /* Assets.xcassets */,
				B9D92EB42B1F793900AB3E51 /* LaunchScreen.storyboard */,
				B9D92EB72B1F793900AB3E51 /* Info.plist */,
				B9D92EAF2B1F793700AB3E51 /* CoreySays.xcdatamodeld */,
			);
			path = CoreySays;
			sourceTree = "<group>";
		};
		B9D92EBF2B1F793900AB3E51 /* CoreySaysTests */ = {
			isa = PBXGroup;
			children = (
				B9D92EC02B1F793900AB3E51 /* CoreySaysTests.swift */,
			);
			path = CoreySaysTests;
			sourceTree = "<group>";
		};
		B9D92EC92B1F793900AB3E51 /* CoreySaysUITests */ = {
			isa = PBXGroup;
			children = (
				B9D92ECA2B1F793900AB3E51 /* CoreySaysUITests.swift */,
				B9D92ECC2B1F793900AB3E51 /* CoreySaysUITestsLaunchTests.swift */,
			);
			path = CoreySaysUITests;
			sourceTree = "<group>";
		};
/* End PBXGroup section */

/* Begin PBXNativeTarget section */
		B9D92EA22B1F793700AB3E51 /* CoreySays */ = {
			isa = PBXNativeTarget;
			buildConfigurationList = B9D92ED02B1F793900AB3E51 /* Build configuration list for PBXNativeTarget "CoreySays" */;
			buildPhases = (
				B9D92E9F2B1F793700AB3E51 /* Sources */,
				B9D92EA02B1F793700AB3E51 /* Frameworks */,
				B9D92EA12B1F793700AB3E51 /* Resources */,
			);
			buildRules = (
			);
			dependencies = (
			);
			name = CoreySays;
			productName = CoreySays;
			productReference = B9D92EA32B1F793700AB3E51 /* CoreySays.app */;
			productType = "com.apple.product-type.application";
		};
		B9D92EBB2B1F793900AB3E51 /* CoreySaysTests */ = {
			isa = PBXNativeTarget;
			buildConfigurationList = B9D92ED32B1F793900AB3E51 /* Build configuration list for PBXNativeTarget "CoreySaysTests" */;
			buildPhases = (
				B9D92EB82B1F793900AB3E51 /* Sources */,
				B9D92EB92B1F793900AB3E51 /* Frameworks */,
				B9D92EBA2B1F793900AB3E51 /* Resources */,
			);
			buildRules = (
			);
			dependencies = (
				B9D92EBE2B1F793900AB3E51 /* PBXTargetDependency */,
			);
			name = CoreySaysTests;
			productName = CoreySaysTests;
			productReference = B9D92EBC2B1F793900AB3E51 /* CoreySaysTests.xctest */;
			productType = "com.apple.product-type.bundle.unit-test";
		};
		B9D92EC52B1F793900AB3E51 /* CoreySaysUITests */ = {
			isa = PBXNativeTarget;
			buildConfigurationList = B9D92ED62B1F793900AB3E51 /* Build configuration list for PBXNativeTarget "CoreySaysUITests" */;
			buildPhases = (
				B9D92EC22B1F793900AB3E51 /* Sources */,
				B9D92EC32B1F793900AB3E51 /* Frameworks */,
				B9D92EC42B1F793900AB3E51 /* Resources */,
			);
			buildRules = (
			);
			dependencies = (
				B9D92EC82B1F793900AB3E51 /* PBXTargetDependency */,
			);
			name = CoreySaysUITests;
			productName = CoreySaysUITests;
			productReference = B9D92EC62B1F793900AB3E51 /* CoreySaysUITests.xctest */;
			productType = "com.apple.product-type.bundle.ui-testing";
		};
/* End PBXNativeTarget section */

/* Begin PBXProject section */
		B9D92E9B2B1F793700AB3E51 /* Project object */ = {
			isa = PBXProject;
			attributes = {
				BuildIndependentTargetsInParallel = 1;
				LastSwiftUpdateCheck = 1430;
				LastUpgradeCheck = 1430;
				TargetAttributes = {
					B9D92EA22B1F793700AB3E51 = {
						CreatedOnToolsVersion = 14.3.1;
					};
					B9D92EBB2B1F793900AB3E51 = {
						CreatedOnToolsVersion = 14.3.1;
						TestTargetID = B9D92EA22B1F793700AB3E51;
					};
					B9D92EC52B1F793900AB3E51 = {
						CreatedOnToolsVersion = 14.3.1;
						TestTargetID = B9D92EA22B1F793700AB3E51;
					};
				};
			};
			buildConfigurationList = B9D92E9E2B1F793700AB3E51 /* Build configuration list for PBXProject "CoreySays" */;
			compatibilityVersion = "Xcode 14.0";
			developmentRegion = en;
			hasScannedForEncodings = 0;
			knownRegions = (
				en,
				Base,
			);
			mainGroup = B9D92E9A2B1F793700AB3E51;
			productRefGroup = B9D92EA42B1F793700AB3E51 /* Products */;
			projectDirPath = "";
			projectRoot = "";
			targets = (
				B9D92EA22B1F793700AB3E51 /* CoreySays */,
				B9D92EBB2B1F793900AB3E51 /* CoreySaysTests */,
				B9D92EC52B1F793900AB3E51 /* CoreySaysUITests */,
			);
		};
/* End PBXProject section */

/* Begin PBXResourcesBuildPhase section */
		B9D92EA12B1F793700AB3E51 /* Resources */ = {
			isa = PBXResourcesBuildPhase;
			buildActionMask = 2147483647;
			files = (
				B9D92EB62B1F793900AB3E51 /* LaunchScreen.storyboard in Resources */,
				B9D92EB32B1F793900AB3E51 /* Assets.xcassets in Resources */,
				B9D92EAE2B1F793700AB3E51 /* Main.storyboard in Resources */,
			);
			runOnlyForDeploymentPostprocessing = 0;
		};
		B9D92EBA2B1F793900AB3E51 /* Resources */ = {
			isa = PBXResourcesBuildPhase;
			buildActionMask = 2147483647;
			files = (
			);
			runOnlyForDeploymentPostprocessing = 0;
		};
		B9D92EC42B1F793900AB3E51 /* Resources */ = {
			isa = PBXResourcesBuildPhase;
			buildActionMask = 2147483647;
			files = (
			);
			runOnlyForDeploymentPostprocessing = 0;
		};
/* End PBXResourcesBuildPhase section */

/* Begin PBXSourcesBuildPhase section */
		B9D92E9F2B1F793700AB3E51 /* Sources */ = {
			isa = PBXSourcesBuildPhase;
			buildActionMask = 2147483647;
			files = (
				B9D92EB12B1F793700AB3E51 /* CoreySays.xcdatamodeld in Sources */,
				B9D92EAB2B1F793700AB3E51 /* ViewController.swift in Sources */,
				B9D92EA72B1F793700AB3E51 /* AppDelegate.swift in Sources */,
				B9D92EA92B1F793700AB3E51 /* SceneDelegate.swift in Sources */,
			);
			runOnlyForDeploymentPostprocessing = 0;
		};
		B9D92EB82B1F793900AB3E51 /* Sources */ = {
			isa = PBXSourcesBuildPhase;
			buildActionMask = 2147483647;
			files = (
				B9D92EC12B1F793900AB3E51 /* CoreySaysTests.swift in Sources */,
			);
			runOnlyForDeploymentPostprocessing = 0;
		};
		B9D92EC22B1F793900AB3E51 /* Sources */ = {
			isa = PBXSourcesBuildPhase;
			buildActionMask = 2147483647;
			files = (
				B9D92ECB2B1F793900AB3E51 /* CoreySaysUITests.swift in Sources */,
				B9D92ECD2B1F793900AB3E51 /* CoreySaysUITestsLaunchTests.swift in Sources */,
			);
			runOnlyForDeploymentPostprocessing = 0;
		};
/* End PBXSourcesBuildPhase section */

/* Begin PBXTargetDependency section */
		B9D92EBE2B1F793900AB3E51 /* PBXTargetDependency */ = {
			isa = PBXTargetDependency;
			target = B9D92EA22B1F793700AB3E51 /* CoreySays */;
			targetProxy = B9D92EBD2B1F793900AB3E51 /* PBXContainerItemProxy */;
		};
		B9D92EC82B1F793900AB3E51 /* PBXTargetDependency */ = {
			isa = PBXTargetDependency;
			target = B9D92EA22B1F793700AB3E51 /* CoreySays */;
			targetProxy = B9D92EC72B1F793900AB3E51 /* PBXContainerItemProxy */;
		};
/* End PBXTargetDependency section */

/* Begin PBXVariantGroup section */
		B9D92EAC2B1F793700AB3E51 /* Main.storyboard */ = {
			isa = PBXVariantGroup;
			children = (
				B9D92EAD2B1F793700AB3E51 /* Base */,
			);
			name = Main.storyboard;
			sourceTree = "<group>";
		};
		B9D92EB42B1F793900AB3E51 /* LaunchScreen.storyboard */ = {
			isa = PBXVariantGroup;
			children = (
				B9D92EB52B1F793900AB3E51 /* Base */,
			);
			name = LaunchScreen.storyboard;
			sourceTree = "<group>";
		};
/* End PBXVariantGroup section */

/* Begin XCBuildConfiguration section */
		B9D92ECE2B1F793900AB3E51 /* Debug */ = {
			isa = XCBuildConfiguration;
			buildSettings = {
				ALWAYS_SEARCH_USER_PATHS = NO;
				CLANG_ANALYZER_NONNULL = YES;
				CLANG_ANALYZER_NUMBER_OBJECT_CONVERSION = YES_AGGRESSIVE;
				CLANG_CXX_LANGUAGE_STANDARD = "gnu++20";
				CLANG_ENABLE_MODULES = YES;
				CLANG_ENABLE_OBJC_ARC = YES;
				CLANG_ENABLE_OBJC_WEAK = YES;
				CLANG_WARN_BLOCK_CAPTURE_AUTORELEASING = YES;
				CLANG_WARN_BOOL_CONVERSION = YES;
				CLANG_WARN_COMMA = YES;
				CLANG_WARN_CONSTANT_CONVERSION = YES;
				CLANG_WARN_DEPRECATED_OBJC_IMPLEMENTATIONS = YES;
				CLANG_WARN_DIRECT_OBJC_ISA_USAGE = YES_ERROR;
				CLANG_WARN_DOCUMENTATION_COMMENTS = YES;
				CLANG_WARN_EMPTY_BODY = YES;
				CLANG_WARN_ENUM_CONVERSION = YES;
				CLANG_WARN_INFINITE_RECURSION = YES;
				CLANG_WARN_INT_CONVERSION = YES;
				CLANG_WARN_NON_LITERAL_NULL_CONVERSION = YES;
				CLANG_WARN_OBJC_IMPLICIT_RETAIN_SELF = YES;
				CLANG_WARN_OBJC_LITERAL_CONVERSION = YES;
				CLANG_WARN_OBJC_ROOT_CLASS = YES_ERROR;
				CLANG_WARN_QUOTED_INCLUDE_IN_FRAMEWORK_HEADER = YES;
				CLANG_WARN_RANGE_LOOP_ANALYSIS = YES;
				CLANG_WARN_STRICT_PROTOTYPES = YES;
				CLANG_WARN_SUSPICIOUS_MOVE = YES;
				CLANG_WARN_UNGUARDED_AVAILABILITY = YES_AGGRESSIVE;
				CLANG_WARN_UNREACHABLE_CODE = YES;
				CLANG_WARN__DUPLICATE_METHOD_MATCH = YES;
				COPY_PHASE_STRIP = NO;
				DEBUG_INFORMATION_FORMAT = dwarf;
				ENABLE_STRICT_OBJC_MSGSEND = YES;
				ENABLE_TESTABILITY = YES;
				GCC_C_LANGUAGE_STANDARD = gnu11;
				GCC_DYNAMIC_NO_PIC = NO;
				GCC_NO_COMMON_BLOCKS = YES;
				GCC_OPTIMIZATION_LEVEL = 0;
				GCC_PREPROCESSOR_DEFINITIONS = (
					"DEBUG=1",
					"$(inherited)",
				);
				GCC_WARN_64_TO_32_BIT_CONVERSION = YES;
				GCC_WARN_ABOUT_RETURN_TYPE = YES_ERROR;
				GCC_WARN_UNDECLARED_SELECTOR = YES;
				GCC_WARN_UNINITIALIZED_AUTOS = YES_AGGRESSIVE;
				GCC_WARN_UNUSED_FUNCTION = YES;
				GCC_WARN_UNUSED_VARIABLE = YES;
				IPHONEOS_DEPLOYMENT_TARGET = 16.4;
				MTL_ENABLE_DEBUG_INFO = INCLUDE_SOURCE;
				MTL_FAST_MATH = YES;
				ONLY_ACTIVE_ARCH = YES;
				SDKROOT = iphoneos;
				SWIFT_ACTIVE_COMPILATION_CONDITIONS = DEBUG;
				SWIFT_OPTIMIZATION_LEVEL = "-Onone";
			};
			name = Debug;
		};
		B9D92ECF2B1F793900AB3E51 /* Release */ = {
			isa = XCBuildConfiguration;
			buildSettings = {
				ALWAYS_SEARCH_USER_PATHS = NO;
				CLANG_ANALYZER_NONNULL = YES;
				CLANG_ANALYZER_NUMBER_OBJECT_CONVERSION = YES_AGGRESSIVE;
				CLANG_CXX_LANGUAGE_STANDARD = "gnu++20";
				CLANG_ENABLE_MODULES = YES;
				CLANG_ENABLE_OBJC_ARC = YES;
				CLANG_ENABLE_OBJC_WEAK = YES;
				CLANG_WARN_BLOCK_CAPTURE_AUTORELEASING = YES;
				CLANG_WARN_BOOL_CONVERSION = YES;
				CLANG_WARN_COMMA = YES;
				CLANG_WARN_CONSTANT_CONVERSION = YES;
				CLANG_WARN_DEPRECATED_OBJC_IMPLEMENTATIONS = YES;
				CLANG_WARN_DIRECT_OBJC_ISA_USAGE = YES_ERROR;
				CLANG_WARN_DOCUMENTATION_COMMENTS = YES;
				CLANG_WARN_EMPTY_BODY = YES;
				CLANG_WARN_ENUM_CONVERSION = YES;
				CLANG_WARN_INFINITE_RECURSION = YES;
				CLANG_WARN_INT_CONVERSION = YES;
				CLANG_WARN_NON_LITERAL_NULL_CONVERSION = YES;
				CLANG_WARN_OBJC_IMPLICIT_RETAIN_SELF = YES;
				CLANG_WARN_OBJC_LITERAL_CONVERSION = YES;
				CLANG_WARN_OBJC_ROOT_CLASS = YES_ERROR;
				CLANG_WARN_QUOTED_INCLUDE_IN_FRAMEWORK_HEADER = YES;
				CLANG_WARN_RANGE_LOOP_ANALYSIS = YES;
				CLANG_WARN_STRICT_PROTOTYPES = YES;
				CLANG_WARN_SUSPICIOUS_MOVE = YES;
				CLANG_WARN_UNGUARDED_AVAILABILITY = YES_AGGRESSIVE;
				CLANG_WARN_UNREACHABLE_CODE = YES;
				CLANG_WARN__DUPLICATE_METHOD_MATCH = YES;
				COPY_PHASE_STRIP = NO;
				DEBUG_INFORMATION_FORMAT = "dwarf-with-dsym";
				ENABLE_NS_ASSERTIONS = NO;
				ENABLE_STRICT_OBJC_MSGSEND = YES;
				GCC_C_LANGUAGE_STANDARD = gnu11;
				GCC_NO_COMMON_BLOCKS = YES;
				GCC_WARN_64_TO_32_BIT_CONVERSION = YES;
				GCC_WARN_ABOUT_RETURN_TYPE = YES_ERROR;
				GCC_WARN_UNDECLARED_SELECTOR = YES;
				GCC_WARN_UNINITIALIZED_AUTOS = YES_AGGRESSIVE;
				GCC_WARN_UNUSED_FUNCTION = YES;
				GCC_WARN_UNUSED_VARIABLE = YES;
				IPHONEOS_DEPLOYMENT_TARGET = 16.4;
				MTL_ENABLE_DEBUG_INFO = NO;
				MTL_FAST_MATH = YES;
				SDKROOT = iphoneos;
				SWIFT_COMPILATION_MODE = wholemodule;
				SWIFT_OPTIMIZATION_LEVEL = "-O";
				VALIDATE_PRODUCT = YES;
			};
			name = Release;
		};
		B9D92ED12B1F793900AB3E51 /* Debug */ = {
			isa = XCBuildConfiguration;
			buildSettings = {
				ASSETCATALOG_COMPILER_APPICON_NAME = AppIcon;
				ASSETCATALOG_COMPILER_GLOBAL_ACCENT_COLOR_NAME = AccentColor;
				CODE_SIGN_STYLE = Automatic;
				CURRENT_PROJECT_VERSION = 1;
				DEVELOPMENT_TEAM = G2RHL6RSUP;
				GENERATE_INFOPLIST_FILE = YES;
				INFOPLIST_FILE = CoreySays/Info.plist;
				INFOPLIST_KEY_UIApplicationSupportsIndirectInputEvents = YES;
				INFOPLIST_KEY_UILaunchStoryboardName = LaunchScreen;
				INFOPLIST_KEY_UIMainStoryboardFile = Main;
				INFOPLIST_KEY_UISupportedInterfaceOrientations_iPad = "UIInterfaceOrientationPortrait UIInterfaceOrientationPortraitUpsideDown UIInterfaceOrientationLandscapeLeft UIInterfaceOrientationLandscapeRight";
				INFOPLIST_KEY_UISupportedInterfaceOrientations_iPhone = "UIInterfaceOrientationPortrait UIInterfaceOrientationLandscapeLeft UIInterfaceOrientationLandscapeRight";
				LD_RUNPATH_SEARCH_PATHS = (
					"$(inherited)",
					"@executable_path/Frameworks",
				);
				MARKETING_VERSION = 1.0;
				PRODUCT_BUNDLE_IDENTIFIER = clc.CoreySays;
				PRODUCT_NAME = "$(TARGET_NAME)";
				SWIFT_EMIT_LOC_STRINGS = YES;
				SWIFT_VERSION = 5.0;
				TARGETED_DEVICE_FAMILY = "1,2";
			};
			name = Debug;
		};
		B9D92ED22B1F793900AB3E51 /* Release */ = {
			isa = XCBuildConfiguration;
			buildSettings = {
				ASSETCATALOG_COMPILER_APPICON_NAME = AppIcon;
				ASSETCATALOG_COMPILER_GLOBAL_ACCENT_COLOR_NAME = AccentColor;
				CODE_SIGN_STYLE = Automatic;
				CURRENT_PROJECT_VERSION = 1;
				DEVELOPMENT_TEAM = G2RHL6RSUP;
				GENERATE_INFOPLIST_FILE = YES;
				INFOPLIST_FILE = CoreySays/Info.plist;
				INFOPLIST_KEY_UIApplicationSupportsIndirectInputEvents = YES;
				INFOPLIST_KEY_UILaunchStoryboardName = LaunchScreen;
				INFOPLIST_KEY_UIMainStoryboardFile = Main;
				INFOPLIST_KEY_UISupportedInterfaceOrientations_iPad = "UIInterfaceOrientationPortrait UIInterfaceOrientationPortraitUpsideDown UIInterfaceOrientationLandscapeLeft UIInterfaceOrientationLandscapeRight";
				INFOPLIST_KEY_UISupportedInterfaceOrientations_iPhone = "UIInterfaceOrientationPortrait UIInterfaceOrientationLandscapeLeft UIInterfaceOrientationLandscapeRight";
				LD_RUNPATH_SEARCH_PATHS = (
					"$(inherited)",
					"@executable_path/Frameworks",
				);
				MARKETING_VERSION = 1.0;
				PRODUCT_BUNDLE_IDENTIFIER = clc.CoreySays;
				PRODUCT_NAME = "$(TARGET_NAME)";
				SWIFT_EMIT_LOC_STRINGS = YES;
				SWIFT_VERSION = 5.0;
				TARGETED_DEVICE_FAMILY = "1,2";
			};
			name = Release;
		};
		B9D92ED42B1F793900AB3E51 /* Debug */ = {
			isa = XCBuildConfiguration;
			buildSettings = {
				ALWAYS_EMBED_SWIFT_STANDARD_LIBRARIES = YES;
				BUNDLE_LOADER = "$(TEST_HOST)";
				CODE_SIGN_STYLE = Automatic;
				CURRENT_PROJECT_VERSION = 1;
				DEVELOPMENT_TEAM = G2RHL6RSUP;
				GENERATE_INFOPLIST_FILE = YES;
				IPHONEOS_DEPLOYMENT_TARGET = 16.4;
				MARKETING_VERSION = 1.0;
				PRODUCT_BUNDLE_IDENTIFIER = clc.CoreySaysTests;
				PRODUCT_NAME = "$(TARGET_NAME)";
				SWIFT_EMIT_LOC_STRINGS = NO;
				SWIFT_VERSION = 5.0;
				TARGETED_DEVICE_FAMILY = "1,2";
				TEST_HOST = "$(BUILT_PRODUCTS_DIR)/CoreySays.app/$(BUNDLE_EXECUTABLE_FOLDER_PATH)/CoreySays";
			};
			name = Debug;
		};
		B9D92ED52B1F793900AB3E51 /* Release */ = {
			isa = XCBuildConfiguration;
			buildSettings = {
				ALWAYS_EMBED_SWIFT_STANDARD_LIBRARIES = YES;
				BUNDLE_LOADER = "$(TEST_HOST)";
				CODE_SIGN_STYLE = Automatic;
				CURRENT_PROJECT_VERSION = 1;
				DEVELOPMENT_TEAM = G2RHL6RSUP;
				GENERATE_INFOPLIST_FILE = YES;
				IPHONEOS_DEPLOYMENT_TARGET = 16.4;
				MARKETING_VERSION = 1.0;
				PRODUCT_BUNDLE_IDENTIFIER = clc.CoreySaysTests;
				PRODUCT_NAME = "$(TARGET_NAME)";
				SWIFT_EMIT_LOC_STRINGS = NO;
				SWIFT_VERSION = 5.0;
				TARGETED_DEVICE_FAMILY = "1,2";
				TEST_HOST = "$(BUILT_PRODUCTS_DIR)/CoreySays.app/$(BUNDLE_EXECUTABLE_FOLDER_PATH)/CoreySays";
			};
			name = Release;
		};
		B9D92ED72B1F793900AB3E51 /* Debug */ = {
			isa = XCBuildConfiguration;
			buildSettings = {
				ALWAYS_EMBED_SWIFT_STANDARD_LIBRARIES = YES;
				CODE_SIGN_STYLE = Automatic;
				CURRENT_PROJECT_VERSION = 1;
				DEVELOPMENT_TEAM = G2RHL6RSUP;
				GENERATE_INFOPLIST_FILE = YES;
				MARKETING_VERSION = 1.0;
				PRODUCT_BUNDLE_IDENTIFIER = clc.CoreySaysUITests;
				PRODUCT_NAME = "$(TARGET_NAME)";
				SWIFT_EMIT_LOC_STRINGS = NO;
				SWIFT_VERSION = 5.0;
				TARGETED_DEVICE_FAMILY = "1,2";
				TEST_TARGET_NAME = CoreySays;
			};
			name = Debug;
		};
		B9D92ED82B1F793900AB3E51 /* Release */ = {
			isa = XCBuildConfiguration;
			buildSettings = {
				ALWAYS_EMBED_SWIFT_STANDARD_LIBRARIES = YES;
				CODE_SIGN_STYLE = Automatic;
				CURRENT_PROJECT_VERSION = 1;
				DEVELOPMENT_TEAM = G2RHL6RSUP;
				GENERATE_INFOPLIST_FILE = YES;
				MARKETING_VERSION = 1.0;
				PRODUCT_BUNDLE_IDENTIFIER = clc.CoreySaysUITests;
				PRODUCT_NAME = "$(TARGET_NAME)";
				SWIFT_EMIT_LOC_STRINGS = NO;
				SWIFT_VERSION = 5.0;
				TARGETED_DEVICE_FAMILY = "1,2";
				TEST_TARGET_NAME = CoreySays;
			};
			name = Release;
		};
/* End XCBuildConfiguration section */

/* Begin XCConfigurationList section */
		B9D92E9E2B1F793700AB3E51 /* Build configuration list for PBXProject "CoreySays" */ = {
			isa = XCConfigurationList;
			buildConfigurations = (
				B9D92ECE2B1F793900AB3E51 /* Debug */,
				B9D92ECF2B1F793900AB3E51 /* Release */,
			);
			defaultConfigurationIsVisible = 0;
			defaultConfigurationName = Release;
		};
		B9D92ED02B1F793900AB3E51 /* Build configuration list for PBXNativeTarget "CoreySays" */ = {
			isa = XCConfigurationList;
			buildConfigurations = (
				B9D92ED12B1F793900AB3E51 /* Debug */,
				B9D92ED22B1F793900AB3E51 /* Release */,
			);
			defaultConfigurationIsVisible = 0;
			defaultConfigurationName = Release;
		};
		B9D92ED32B1F793900AB3E51 /* Build configuration list for PBXNativeTarget "CoreySaysTests" */ = {
			isa = XCConfigurationList;
			buildConfigurations = (
				B9D92ED42B1F793900AB3E51 /* Debug */,
				B9D92ED52B1F793900AB3E51 /* Release */,
			);
			defaultConfigurationIsVisible = 0;
			defaultConfigurationName = Release;
		};
		B9D92ED62B1F793900AB3E51 /* Build configuration list for PBXNativeTarget "CoreySaysUITests" */ = {
			isa = XCConfigurationList;
			buildConfigurations = (
				B9D92ED72B1F793900AB3E51 /* Debug */,
				B9D92ED82B1F793900AB3E51 /* Release */,
			);
			defaultConfigurationIsVisible = 0;
			defaultConfigurationName = Release;
		};
/* End XCConfigurationList section */

/* Begin XCVersionGroup section */
		B9D92EAF2B1F793700AB3E51 /* CoreySays.xcdatamodeld */ = {
			isa = XCVersionGroup;
			children = (
				B9D92EB02B1F793700AB3E51 /* CoreySays.xcdatamodel */,
			);
			currentVersion = B9D92EB02B1F793700AB3E51 /* CoreySays.xcdatamodel */;
			path = CoreySays.xcdatamodeld;
			sourceTree = "<group>";
			versionGroupType = wrapper.xcdatamodel;
		};
/* End XCVersionGroup section */
	};
	rootObject = B9D92E9B2B1F793700AB3E51 /* Project object */;
}
